# THIS IS AN AUTOGENERATED FILE. DO NOT EDIT THIS FILE DIRECTLY.
# yarn lockfile v1


"@prisma/cli@^2.6.0-dev.61":
  version "2.6.0-dev.61"
  resolved "https://registry.yarnpkg.com/@prisma/cli/-/cli-2.6.0-dev.61.tgz#4224ecfcc8a1849ff4fc179dcb8528d6ef972384"
  integrity sha512-g94Fy/YseYB6U0J/r78enRZUrZPvp1k+uhTI20I1Fl/Hs1pPwxb/pcotYzyNwqqKLj5C9cZ/dAoIdogVRi6FAw==
